
Microsoft Visual Studio Solution File, Format Version 12.00
# Visual Studio Express 2012 for Windows Desktop
Project("{FAE04EC0-301F-11D3-BF4B-00C04F79EFBC}") = "LasView", "LasView.csproj", "{2132CB74-01D9-4C9F-B861-AAF04B7ADFD2}"
EndProject
Project("{FAE04EC0-301F-11D3-BF4B-00C04F79EFBC}") = "Triangulate", "Triangulate\Triangulate.csproj", "{AC8D56EF-C06F-48BC-8CCD-B55641F5B1F9}"
EndProject
Project("{FAE04EC0-301F-11D3-BF4B-00C04F79EFBC}") = "TriangulateTest", "Triangulate\TriangulateTest\TriangulateTest.csproj", "{7935EE62-A72D-49DE-8C59-8C06E1093026}"
EndProject
Global
	GlobalSection(SolutionConfigurationPlatforms) = preSolution
		Debug|Any CPU = Debug|Any CPU
		Debug|x86 = Debug|x86
		Release|Any CPU = Release|Any CPU
		Release|x86 = Release|x86
	EndGlobalSection
	GlobalSection(ProjectConfigurationPlatforms) = postSolution
		{2132CB74-01D9-4C9F-B861-AAF04B7ADFD2}.Debug|Any CPU.ActiveCfg = Debug|Any CPU
		{2132CB74-01D9-4C9F-B861-AAF04B7ADFD2}.Debug|Any CPU.Build.0 = Debug|Any CPU
		{2132CB74-01D9-4C9F-B861-AAF04B7ADFD2}.Debug|x86.ActiveCfg = Debug|x86
		{2132CB74-01D9-4C9F-B861-AAF04B7ADFD2}.Debug|x86.Build.0 = Debug|x86
		{2132CB74-01D9-4C9F-B861-AAF04B7ADFD2}.Release|Any CPU.ActiveCfg = Release|Any CPU
		{2132CB74-01D9-4C9F-B861-AAF04B7ADFD2}.Release|Any CPU.Build.0 = Release|Any CPU
		{2132CB74-01D9-4C9F-B861-AAF04B7ADFD2}.Release|x86.ActiveCfg = Release|x86
		{2132CB74-01D9-4C9F-B861-AAF04B7ADFD2}.Release|x86.Build.0 = Release|x86
		{AC8D56EF-C06F-48BC-8CCD-B55641F5B1F9}.Debug|Any CPU.ActiveCfg = Debug|Any CPU
		{AC8D56EF-C06F-48BC-8CCD-B55641F5B1F9}.Debug|Any CPU.Build.0 = Debug|Any CPU
		{AC8D56EF-C06F-48BC-8CCD-B55641F5B1F9}.Debug|x86.ActiveCfg = Debug|Any CPU
		{AC8D56EF-C06F-48BC-8CCD-B55641F5B1F9}.Release|Any CPU.ActiveCfg = Release|Any CPU
		{AC8D56EF-C06F-48BC-8CCD-B55641F5B1F9}.Release|Any CPU.Build.0 = Release|Any CPU
		{AC8D56EF-C06F-48BC-8CCD-B55641F5B1F9}.Release|x86.ActiveCfg = Release|Any CPU
		{7935EE62-A72D-49DE-8C59-8C06E1093026}.Debug|Any CPU.ActiveCfg = Debug|Any CPU
		{7935EE62-A72D-49DE-8C59-8C06E1093026}.Debug|Any CPU.Build.0 = Debug|Any CPU
		{7935EE62-A72D-49DE-8C59-8C06E1093026}.Debug|x86.ActiveCfg = Debug|Any CPU
		{7935EE62-A72D-49DE-8C59-8C06E1093026}.Release|Any CPU.ActiveCfg = Release|Any CPU
		{7935EE62-A72D-49DE-8C59-8C06E1093026}.Release|Any CPU.Build.0 = Release|Any CPU
		{7935EE62-A72D-49DE-8C59-8C06E1093026}.Release|x86.ActiveCfg = Release|Any CPU
	EndGlobalSection
	GlobalSection(SolutionProperties) = preSolution
		HideSolutionNode = FALSE
	EndGlobalSection
EndGlobal
